
Microsoft Visual Studio Solution File, Format Version 12.00
# Visual Studio Version 16
VisualStudioVersion = 16.0.30803.129
MinimumVisualStudioVersion = 10.0.40219.1
Project("{FAE04EC0-301F-11D3-BF4B-00C04F79EFBC}") = "Natsecure.SocialGuard.Api", "Natsecure.SocialGuard.Api\Natsecure.SocialGuard.Api.csproj", "{A406CC3F-6F0E-474E-9F5D-826EF320724E}"
EndProject
Global
	GlobalSection(SolutionConfigurationPlatforms) = preSolution
		Debug|Any CPU = Debug|Any CPU
		Release|Any CPU = Release|Any CPU
	EndGlobalSection
	GlobalSection(ProjectConfigurationPlatforms) = postSolution
		{A406CC3F-6F0E-474E-9F5D-826EF320724E}.Debug|Any CPU.ActiveCfg = Debug|Any CPU
		{A406CC3F-6F0E-474E-9F5D-826EF320724E}.Debug|Any CPU.Build.0 = Debug|Any CPU
		{A406CC3F-6F0E-474E-9F5D-826EF320724E}.Release|Any CPU.ActiveCfg = Release|Any CPU
		{A406CC3F-6F0E-474E-9F5D-826EF320724E}.Release|Any CPU.Build.0 = Release|Any CPU
	EndGlobalSection
	GlobalSection(SolutionProperties) = preSolution
		HideSolutionNode = FALSE
	EndGlobalSection
	GlobalSection(ExtensibilityGlobals) = postSolution
		SolutionGuid = {EE86D707-AD0D-4231-A3D3-0863D2311FC5}
	EndGlobalSection
EndGlobal
