Microsoft Visual Studio Solution File, Format Version 12.00
# Visual Studio Version 17
VisualStudioVersion = 17.0.31717.71
MinimumVisualStudioVersion = 10.0.40219.1
Project("{9A19103F-16F7-4668-BE54-9A1E7A4F7556}") = "SocialGuard.Api", "SocialGuard.Api\SocialGuard.Api.csproj", "{A406CC3F-6F0E-474E-9F5D-826EF320724E}"
EndProject
Project("{9A19103F-16F7-4668-BE54-9A1E7A4F7556}") = "SocialGuard.Web", "SocialGuard.Web\SocialGuard.Web.csproj", "{4D269A20-BF97-4B42-A5DD-E703B688570D}"
EndProject
Project("{9A19103F-16F7-4668-BE54-9A1E7A4F7556}") = "SocialGuard.Common", "SocialGuard.Common\SocialGuard.Common.csproj", "{F62F1422-6B19-448E-ABAF-A3449EC13D7F}"
EndProject
Project("{9A19103F-16F7-4668-BE54-9A1E7A4F7556}") = "SocialGuard.Web.Viewer", "SocialGuard.Web.Viewer\SocialGuard.Web.Viewer.csproj", "{8BE7255C-54C9-4DD7-940F-E2C659F5F4EF}"
EndProject
Project("{9A19103F-16F7-4668-BE54-9A1E7A4F7556}") = "SocialGuard.Api.DbMigrator", "SocialGuard.Api.DbMigrator\SocialGuard.Api.DbMigrator.csproj", "{1B671790-B21F-4331-87DE-9EA1E9DB990E}"
EndProject
Project("{2150E333-8FDC-42A3-9474-1A3956D46DE8}") = "Server", "Server", "{8F9F86C6-4FE3-4EB3-9B08-C299C1978413}"
EndProject
Project("{2150E333-8FDC-42A3-9474-1A3956D46DE8}") = "Common", "Common", "{8B26EC6C-2473-471E-8F7E-B427F37C7E8C}"
EndProject
Project("{2150E333-8FDC-42A3-9474-1A3956D46DE8}") = "Client", "Client", "{DA720C86-BD69-4259-8375-3F15BB5B4657}"
EndProject
Project("{2150E333-8FDC-42A3-9474-1A3956D46DE8}") = "Web", "Web", "{F95612DB-C33A-47E5-A0B0-13A9E27F5429}"
EndProject
Project("{2150E333-8FDC-42A3-9474-1A3956D46DE8}") = "Solution Items", "Solution Items", "{1D4A3035-47A4-4D56-B3AE-2B7772BC3023}"
	ProjectSection(SolutionItems) = preProject
		Directory.Build.props = Directory.Build.props
		.gitignore = .gitignore
	EndProjectSection
EndProject
Project("{FAE04EC0-301F-11D3-BF4B-00C04F79EFBC}") = "SocialGuard.Client.Http", "SocialGuard.Client.Http\SocialGuard.Client.Http.csproj", "{3D763082-F27E-42CC-A37C-9B4543A9DE3A}"
EndProject
Global
	GlobalSection(SolutionConfigurationPlatforms) = preSolution
		Debug|Any CPU = Debug|Any CPU
		Release|Any CPU = Release|Any CPU
	EndGlobalSection
	GlobalSection(ProjectConfigurationPlatforms) = postSolution
		{A406CC3F-6F0E-474E-9F5D-826EF320724E}.Debug|Any CPU.ActiveCfg = Debug|Any CPU
		{A406CC3F-6F0E-474E-9F5D-826EF320724E}.Debug|Any CPU.Build.0 = Debug|Any CPU
		{A406CC3F-6F0E-474E-9F5D-826EF320724E}.Release|Any CPU.ActiveCfg = Release|Any CPU
		{A406CC3F-6F0E-474E-9F5D-826EF320724E}.Release|Any CPU.Build.0 = Release|Any CPU
		{4D269A20-BF97-4B42-A5DD-E703B688570D}.Debug|Any CPU.ActiveCfg = Debug|Any CPU
		{4D269A20-BF97-4B42-A5DD-E703B688570D}.Debug|Any CPU.Build.0 = Debug|Any CPU
		{4D269A20-BF97-4B42-A5DD-E703B688570D}.Release|Any CPU.ActiveCfg = Release|Any CPU
		{4D269A20-BF97-4B42-A5DD-E703B688570D}.Release|Any CPU.Build.0 = Release|Any CPU
		{F62F1422-6B19-448E-ABAF-A3449EC13D7F}.Debug|Any CPU.ActiveCfg = Debug|Any CPU
		{F62F1422-6B19-448E-ABAF-A3449EC13D7F}.Debug|Any CPU.Build.0 = Debug|Any CPU
		{F62F1422-6B19-448E-ABAF-A3449EC13D7F}.Release|Any CPU.ActiveCfg = Release|Any CPU
		{F62F1422-6B19-448E-ABAF-A3449EC13D7F}.Release|Any CPU.Build.0 = Release|Any CPU
		{8BE7255C-54C9-4DD7-940F-E2C659F5F4EF}.Debug|Any CPU.ActiveCfg = Debug|Any CPU
		{8BE7255C-54C9-4DD7-940F-E2C659F5F4EF}.Debug|Any CPU.Build.0 = Debug|Any CPU
		{8BE7255C-54C9-4DD7-940F-E2C659F5F4EF}.Release|Any CPU.ActiveCfg = Release|Any CPU
		{8BE7255C-54C9-4DD7-940F-E2C659F5F4EF}.Release|Any CPU.Build.0 = Release|Any CPU
		{1B671790-B21F-4331-87DE-9EA1E9DB990E}.Debug|Any CPU.ActiveCfg = Debug|Any CPU
		{1B671790-B21F-4331-87DE-9EA1E9DB990E}.Debug|Any CPU.Build.0 = Debug|Any CPU
		{1B671790-B21F-4331-87DE-9EA1E9DB990E}.Release|Any CPU.ActiveCfg = Release|Any CPU
		{1B671790-B21F-4331-87DE-9EA1E9DB990E}.Release|Any CPU.Build.0 = Release|Any CPU
		{3D763082-F27E-42CC-A37C-9B4543A9DE3A}.Debug|Any CPU.ActiveCfg = Debug|Any CPU
		{3D763082-F27E-42CC-A37C-9B4543A9DE3A}.Debug|Any CPU.Build.0 = Debug|Any CPU
		{3D763082-F27E-42CC-A37C-9B4543A9DE3A}.Release|Any CPU.ActiveCfg = Release|Any CPU
		{3D763082-F27E-42CC-A37C-9B4543A9DE3A}.Release|Any CPU.Build.0 = Release|Any CPU
	EndGlobalSection
	GlobalSection(SolutionProperties) = preSolution
		HideSolutionNode = FALSE
	EndGlobalSection
	GlobalSection(NestedProjects) = preSolution
		{A406CC3F-6F0E-474E-9F5D-826EF320724E} = {8F9F86C6-4FE3-4EB3-9B08-C299C1978413}
		{4D269A20-BF97-4B42-A5DD-E703B688570D} = {F95612DB-C33A-47E5-A0B0-13A9E27F5429}
		{F62F1422-6B19-448E-ABAF-A3449EC13D7F} = {8B26EC6C-2473-471E-8F7E-B427F37C7E8C}
		{8BE7255C-54C9-4DD7-940F-E2C659F5F4EF} = {F95612DB-C33A-47E5-A0B0-13A9E27F5429}
		{1B671790-B21F-4331-87DE-9EA1E9DB990E} = {8F9F86C6-4FE3-4EB3-9B08-C299C1978413}
		{3D763082-F27E-42CC-A37C-9B4543A9DE3A} = {DA720C86-BD69-4259-8375-3F15BB5B4657}
	EndGlobalSection
	GlobalSection(ExtensibilityGlobals) = postSolution
		SolutionGuid = {EE86D707-AD0D-4231-A3D3-0863D2311FC5}
	EndGlobalSection
EndGlobal
